
Microsoft Visual Studio Solution File, Format Version 12.00
# Visual Studio Version 16
VisualStudioVersion = 16.0.31624.102
MinimumVisualStudioVersion = 10.0.40219.1
Project("{FAE04EC0-301F-11D3-BF4B-00C04F79EFBC}") = "Sınav-1", "Sınav-1\Sınav-1.csproj", "{D951EEE5-C04A-4237-A0B4-5EABF88E8A7C}"
EndProject
Global
	GlobalSection(SolutionConfigurationPlatforms) = preSolution
		Debug|Any CPU = Debug|Any CPU
		Release|Any CPU = Release|Any CPU
	EndGlobalSection
	GlobalSection(ProjectConfigurationPlatforms) = postSolution
		{D951EEE5-C04A-4237-A0B4-5EABF88E8A7C}.Debug|Any CPU.ActiveCfg = Debug|Any CPU
		{D951EEE5-C04A-4237-A0B4-5EABF88E8A7C}.Debug|Any CPU.Build.0 = Debug|Any CPU
		{D951EEE5-C04A-4237-A0B4-5EABF88E8A7C}.Release|Any CPU.ActiveCfg = Release|Any CPU
		{D951EEE5-C04A-4237-A0B4-5EABF88E8A7C}.Release|Any CPU.Build.0 = Release|Any CPU
	EndGlobalSection
	GlobalSection(SolutionProperties) = preSolution
		HideSolutionNode = FALSE
	EndGlobalSection
	GlobalSection(ExtensibilityGlobals) = postSolution
		SolutionGuid = {A6E150F6-A724-4A4C-9F75-CC00BFBA62E7}
	EndGlobalSection
EndGlobal
